hash: ad9beb5362073e2b3e389de44f3fb4f079076920e917cd342999d5936621a40d
updated: 2017-10-25T14:26:05.483326922+08:00
imports:
- name: github.com/go-sql-driver/mysql
  version: fade21009797158e7b79e04c340118a9220c6f9e
- name: golang.org/x/net
  version: 4b14673ba32bee7f5ac0f990a48f033919fd418b
  subpackages:
  - websocket
testImports: []
