hash: 92700e692e224884fb4ce8f3c9197e5cdfd922a53fe8bdb1943ef2388c01a9fe
updated: 2017-11-17T14:44:09.874346353+08:00
imports:
- name: github.com/astaxie/beego
  version: c5118e9535f237996bae7c7baebe4ed4247cb2c6
  subpackages:
  - orm
- name: github.com/go-sql-driver/mysql
  version: b816f3da1576bc2985a25016903652373de4733f
testImports: []
