hash: 0b175f67141fd7ee87d7c3bcb4a5dad3b6f9af633e6f2aa4882f0e7ae6b3eb19
updated: 2017-11-24T15:19:19.333458806+08:00
imports:
- name: github.com/sumory/baseN4go
  version: 8d01e845085974bca2004a75cc87bc6017d9280f
- name: github.com/sumory/idgen
  version: e51875525cc4e394b8ee47b6e3a4c8b0b24eae2e
testImports: []
