hash: 1622c87b81e9029d8bf729148206df4c837fc6d36c18b0fe55b894f019bc5f8e
updated: 2017-11-24T15:41:55.974248126+08:00
imports:
- name: github.com/plpan/test
  version: 45d7c5c7a83fbc192a2c58d0743bd59840e014cf
  subpackages:
  - test_glide_hierarchy
- name: github.com/sumory/baseN4go
  version: 8d01e845085974bca2004a75cc87bc6017d9280f
- name: github.com/sumory/idgen
  version: e51875525cc4e394b8ee47b6e3a4c8b0b24eae2e
testImports: []
