hash: 322f23a8fd241e771fff8fa1e515ed20865f2788f7af582cab2b627cfd2a29ba
updated: 2017-11-24T18:21:53.792616907+08:00
imports:
- name: github.com/fatih/color
  version: 7824417a424b65227be8ac9b14d545a7f3e6c3f0
- name: github.com/mattn/go-colorable
  version: 5411d3eea5978e6cdc258b30de592b60df6aba96
  repo: https://github.com/mattn/go-colorable
- name: github.com/mattn/go-isatty
  version: dda3de49cbfcec471bd7a70e6cc01fcc3ff90109
  repo: https://github.com/mattn/go-isatty
- name: github.com/plpan/test
  version: fa71a035bb6dfccd358242f440dfc808c4257f8c
  subpackages:
  - test_glide_hierarchy
- name: github.com/sumory/baseN4go
  version: 8d01e845085974bca2004a75cc87bc6017d9280f
- name: github.com/sumory/idgen
  version: e51875525cc4e394b8ee47b6e3a4c8b0b24eae2e
- name: golang.org/x/sys
  version: e24f485414aeafb646f6fca458b0bf869c0880a1
  repo: https://go.googlesource.com/sys
  subpackages:
  - unix
testImports: []
